{
  "name": "cx-work-logger",
  "version": "0.0.1",
  "lockfileVersion": 1,
  "requires": true,
  "dependencies": {
    "easytimer.js": {
      "version": "2.0.3",
      "resolved": "https://registry.npmjs.org/easytimer.js/-/easytimer.js-2.0.3.tgz",
      "integrity": "sha512-nuPq3h+odQDcrWHtZTdAZc4NICHZpBodJCcKNkIXFrKnkrp08ZIBIdrOknCRfdv4geIebpMLM9/WxHqkEo2aHg=="
    },
    "moment": {
      "version": "2.20.1",
      "resolved": "https://registry.npmjs.org/moment/-/moment-2.20.1.tgz",
      "integrity": "sha512-Yh9y73JRljxW5QxN08Fner68eFLxM5ynNOAw2LbIB1YAGeQzZT8QFSUvkAz609Zf+IHhhaUxqZK8dG3W/+HEvg=="
    }
  }
}
